
Microsoft Visual Studio Solution File, Format Version 12.00
# Visual Studio Version 16
VisualStudioVersion = 16.0.31515.178
MinimumVisualStudioVersion = 10.0.40219.1
Project("{FAE04EC0-301F-11D3-BF4B-00C04F79EFBC}") = "Abstract", "Abstract\Abstract.csproj", "{4AAEE27B-CE02-4384-95F6-E2F0684DD848}"
EndProject
Global
	GlobalSection(SolutionConfigurationPlatforms) = preSolution
		Debug|Any CPU = Debug|Any CPU
		Release|Any CPU = Release|Any CPU
	EndGlobalSection
	GlobalSection(ProjectConfigurationPlatforms) = postSolution
		{4AAEE27B-CE02-4384-95F6-E2F0684DD848}.Debug|Any CPU.ActiveCfg = Debug|Any CPU
		{4AAEE27B-CE02-4384-95F6-E2F0684DD848}.Debug|Any CPU.Build.0 = Debug|Any CPU
		{4AAEE27B-CE02-4384-95F6-E2F0684DD848}.Release|Any CPU.ActiveCfg = Release|Any CPU
		{4AAEE27B-CE02-4384-95F6-E2F0684DD848}.Release|Any CPU.Build.0 = Release|Any CPU
	EndGlobalSection
	GlobalSection(SolutionProperties) = preSolution
		HideSolutionNode = FALSE
	EndGlobalSection
	GlobalSection(ExtensibilityGlobals) = postSolution
		SolutionGuid = {58A33E20-E1FE-46CA-A3CE-ED98292F801A}
	EndGlobalSection
EndGlobal
