
Microsoft Visual Studio Solution File, Format Version 12.00
# Visual Studio Version 16
VisualStudioVersion = 16.0.31515.178
MinimumVisualStudioVersion = 10.0.40219.1
Project("{FAE04EC0-301F-11D3-BF4B-00C04F79EFBC}") = "ClasseFuncionario", "ClasseFuncionario\ClasseFuncionario.csproj", "{B09B47CE-2989-4336-8387-5299AF0F0637}"
EndProject
Global
	GlobalSection(SolutionConfigurationPlatforms) = preSolution
		Debug|Any CPU = Debug|Any CPU
		Release|Any CPU = Release|Any CPU
	EndGlobalSection
	GlobalSection(ProjectConfigurationPlatforms) = postSolution
		{B09B47CE-2989-4336-8387-5299AF0F0637}.Debug|Any CPU.ActiveCfg = Debug|Any CPU
		{B09B47CE-2989-4336-8387-5299AF0F0637}.Debug|Any CPU.Build.0 = Debug|Any CPU
		{B09B47CE-2989-4336-8387-5299AF0F0637}.Release|Any CPU.ActiveCfg = Release|Any CPU
		{B09B47CE-2989-4336-8387-5299AF0F0637}.Release|Any CPU.Build.0 = Release|Any CPU
	EndGlobalSection
	GlobalSection(SolutionProperties) = preSolution
		HideSolutionNode = FALSE
	EndGlobalSection
	GlobalSection(ExtensibilityGlobals) = postSolution
		SolutionGuid = {2925370A-3795-4B31-BFFF-465D632B339F}
	EndGlobalSection
EndGlobal
