
Microsoft Visual Studio Solution File, Format Version 12.00
# Visual Studio Version 16
VisualStudioVersion = 16.0.31515.178
MinimumVisualStudioVersion = 10.0.40219.1
Project("{FAE04EC0-301F-11D3-BF4B-00C04F79EFBC}") = "MembrosEstaticos2", "MembrosEstaticos2\MembrosEstaticos2.csproj", "{B84E0AB1-3C74-476A-A55F-1F651658977D}"
EndProject
Global
	GlobalSection(SolutionConfigurationPlatforms) = preSolution
		Debug|Any CPU = Debug|Any CPU
		Release|Any CPU = Release|Any CPU
	EndGlobalSection
	GlobalSection(ProjectConfigurationPlatforms) = postSolution
		{B84E0AB1-3C74-476A-A55F-1F651658977D}.Debug|Any CPU.ActiveCfg = Debug|Any CPU
		{B84E0AB1-3C74-476A-A55F-1F651658977D}.Debug|Any CPU.Build.0 = Debug|Any CPU
		{B84E0AB1-3C74-476A-A55F-1F651658977D}.Release|Any CPU.ActiveCfg = Release|Any CPU
		{B84E0AB1-3C74-476A-A55F-1F651658977D}.Release|Any CPU.Build.0 = Release|Any CPU
	EndGlobalSection
	GlobalSection(SolutionProperties) = preSolution
		HideSolutionNode = FALSE
	EndGlobalSection
	GlobalSection(ExtensibilityGlobals) = postSolution
		SolutionGuid = {929F429A-EF64-40A3-8AB8-CD7E4CDCCA2A}
	EndGlobalSection
EndGlobal
