
Microsoft Visual Studio Solution File, Format Version 12.00
# Visual Studio Version 16
VisualStudioVersion = 16.0.31515.178
MinimumVisualStudioVersion = 10.0.40219.1
Project("{FAE04EC0-301F-11D3-BF4B-00C04F79EFBC}") = "Importation", "Importation\Importation.csproj", "{B9C568C0-6568-49B5-9732-89156F16EDEC}"
EndProject
Global
	GlobalSection(SolutionConfigurationPlatforms) = preSolution
		Debug|Any CPU = Debug|Any CPU
		Release|Any CPU = Release|Any CPU
	EndGlobalSection
	GlobalSection(ProjectConfigurationPlatforms) = postSolution
		{B9C568C0-6568-49B5-9732-89156F16EDEC}.Debug|Any CPU.ActiveCfg = Debug|Any CPU
		{B9C568C0-6568-49B5-9732-89156F16EDEC}.Debug|Any CPU.Build.0 = Debug|Any CPU
		{B9C568C0-6568-49B5-9732-89156F16EDEC}.Release|Any CPU.ActiveCfg = Release|Any CPU
		{B9C568C0-6568-49B5-9732-89156F16EDEC}.Release|Any CPU.Build.0 = Release|Any CPU
	EndGlobalSection
	GlobalSection(SolutionProperties) = preSolution
		HideSolutionNode = FALSE
	EndGlobalSection
	GlobalSection(ExtensibilityGlobals) = postSolution
		SolutionGuid = {57D5CD35-0A50-46AE-B24D-F6B003689A34}
	EndGlobalSection
EndGlobal
