
Microsoft Visual Studio Solution File, Format Version 12.00
# Visual Studio Version 16
VisualStudioVersion = 16.0.31515.178
MinimumVisualStudioVersion = 10.0.40219.1
Project("{FAE04EC0-301F-11D3-BF4B-00C04F79EFBC}") = "TotalTax", "TotalTax\TotalTax.csproj", "{9738CCA1-9F72-4BEE-84E9-A16D448838B1}"
EndProject
Global
	GlobalSection(SolutionConfigurationPlatforms) = preSolution
		Debug|Any CPU = Debug|Any CPU
		Release|Any CPU = Release|Any CPU
	EndGlobalSection
	GlobalSection(ProjectConfigurationPlatforms) = postSolution
		{9738CCA1-9F72-4BEE-84E9-A16D448838B1}.Debug|Any CPU.ActiveCfg = Debug|Any CPU
		{9738CCA1-9F72-4BEE-84E9-A16D448838B1}.Debug|Any CPU.Build.0 = Debug|Any CPU
		{9738CCA1-9F72-4BEE-84E9-A16D448838B1}.Release|Any CPU.ActiveCfg = Release|Any CPU
		{9738CCA1-9F72-4BEE-84E9-A16D448838B1}.Release|Any CPU.Build.0 = Release|Any CPU
	EndGlobalSection
	GlobalSection(SolutionProperties) = preSolution
		HideSolutionNode = FALSE
	EndGlobalSection
	GlobalSection(ExtensibilityGlobals) = postSolution
		SolutionGuid = {20514019-51D7-4F67-9BBB-0E3EB97986AE}
	EndGlobalSection
EndGlobal
