
Microsoft Visual Studio Solution File, Format Version 12.00
# Visual Studio Version 16
VisualStudioVersion = 16.0.31515.178
MinimumVisualStudioVersion = 10.0.40219.1
Project("{FAE04EC0-301F-11D3-BF4B-00C04F79EFBC}") = "ForEachTest", "ForEachTest\ForEachTest.csproj", "{88275D8F-4838-4799-89BF-580527613A49}"
EndProject
Global
	GlobalSection(SolutionConfigurationPlatforms) = preSolution
		Debug|Any CPU = Debug|Any CPU
		Release|Any CPU = Release|Any CPU
	EndGlobalSection
	GlobalSection(ProjectConfigurationPlatforms) = postSolution
		{88275D8F-4838-4799-89BF-580527613A49}.Debug|Any CPU.ActiveCfg = Debug|Any CPU
		{88275D8F-4838-4799-89BF-580527613A49}.Debug|Any CPU.Build.0 = Debug|Any CPU
		{88275D8F-4838-4799-89BF-580527613A49}.Release|Any CPU.ActiveCfg = Release|Any CPU
		{88275D8F-4838-4799-89BF-580527613A49}.Release|Any CPU.Build.0 = Release|Any CPU
	EndGlobalSection
	GlobalSection(SolutionProperties) = preSolution
		HideSolutionNode = FALSE
	EndGlobalSection
	GlobalSection(ExtensibilityGlobals) = postSolution
		SolutionGuid = {AC154467-1E62-4C60-BF0D-9E9668D7DF8C}
	EndGlobalSection
EndGlobal
