
Microsoft Visual Studio Solution File, Format Version 12.00
# Visual Studio Version 16
VisualStudioVersion = 16.0.31515.178
MinimumVisualStudioVersion = 10.0.40219.1
Project("{FAE04EC0-301F-11D3-BF4B-00C04F79EFBC}") = "DiferencaProdutos", "DiferencaProdutos\DiferencaProdutos.csproj", "{0F35855B-9DB7-4648-B7A4-66C4043D77E2}"
EndProject
Global
	GlobalSection(SolutionConfigurationPlatforms) = preSolution
		Debug|Any CPU = Debug|Any CPU
		Release|Any CPU = Release|Any CPU
	EndGlobalSection
	GlobalSection(ProjectConfigurationPlatforms) = postSolution
		{0F35855B-9DB7-4648-B7A4-66C4043D77E2}.Debug|Any CPU.ActiveCfg = Debug|Any CPU
		{0F35855B-9DB7-4648-B7A4-66C4043D77E2}.Debug|Any CPU.Build.0 = Debug|Any CPU
		{0F35855B-9DB7-4648-B7A4-66C4043D77E2}.Release|Any CPU.ActiveCfg = Release|Any CPU
		{0F35855B-9DB7-4648-B7A4-66C4043D77E2}.Release|Any CPU.Build.0 = Release|Any CPU
	EndGlobalSection
	GlobalSection(SolutionProperties) = preSolution
		HideSolutionNode = FALSE
	EndGlobalSection
	GlobalSection(ExtensibilityGlobals) = postSolution
		SolutionGuid = {88691295-63B2-49E2-9DF0-BF5937AA45AA}
	EndGlobalSection
EndGlobal
