
Microsoft Visual Studio Solution File, Format Version 12.00
# Visual Studio Version 16
VisualStudioVersion = 16.0.31515.178
MinimumVisualStudioVersion = 10.0.40219.1
Project("{FAE04EC0-301F-11D3-BF4B-00C04F79EFBC}") = "ClasseAluno", "ClasseAluno\ClasseAluno.csproj", "{AA2BB8F6-F596-4D2F-9E30-EDBE36DFB5BA}"
EndProject
Global
	GlobalSection(SolutionConfigurationPlatforms) = preSolution
		Debug|Any CPU = Debug|Any CPU
		Release|Any CPU = Release|Any CPU
	EndGlobalSection
	GlobalSection(ProjectConfigurationPlatforms) = postSolution
		{AA2BB8F6-F596-4D2F-9E30-EDBE36DFB5BA}.Debug|Any CPU.ActiveCfg = Debug|Any CPU
		{AA2BB8F6-F596-4D2F-9E30-EDBE36DFB5BA}.Debug|Any CPU.Build.0 = Debug|Any CPU
		{AA2BB8F6-F596-4D2F-9E30-EDBE36DFB5BA}.Release|Any CPU.ActiveCfg = Release|Any CPU
		{AA2BB8F6-F596-4D2F-9E30-EDBE36DFB5BA}.Release|Any CPU.Build.0 = Release|Any CPU
	EndGlobalSection
	GlobalSection(SolutionProperties) = preSolution
		HideSolutionNode = FALSE
	EndGlobalSection
	GlobalSection(ExtensibilityGlobals) = postSolution
		SolutionGuid = {20C52A2E-9550-47E7-8AA7-0EA9C463CC08}
	EndGlobalSection
EndGlobal
