
Microsoft Visual Studio Solution File, Format Version 12.00
# Visual Studio Version 16
VisualStudioVersion = 16.0.31515.178
MinimumVisualStudioVersion = 10.0.40219.1
Project("{FAE04EC0-301F-11D3-BF4B-00C04F79EFBC}") = "Vect1", "Vect1\Vect1.csproj", "{CC2FAB2D-1C5D-4606-97AD-DEED7F089A78}"
EndProject
Global
	GlobalSection(SolutionConfigurationPlatforms) = preSolution
		Debug|Any CPU = Debug|Any CPU
		Release|Any CPU = Release|Any CPU
	EndGlobalSection
	GlobalSection(ProjectConfigurationPlatforms) = postSolution
		{CC2FAB2D-1C5D-4606-97AD-DEED7F089A78}.Debug|Any CPU.ActiveCfg = Debug|Any CPU
		{CC2FAB2D-1C5D-4606-97AD-DEED7F089A78}.Debug|Any CPU.Build.0 = Debug|Any CPU
		{CC2FAB2D-1C5D-4606-97AD-DEED7F089A78}.Release|Any CPU.ActiveCfg = Release|Any CPU
		{CC2FAB2D-1C5D-4606-97AD-DEED7F089A78}.Release|Any CPU.Build.0 = Release|Any CPU
	EndGlobalSection
	GlobalSection(SolutionProperties) = preSolution
		HideSolutionNode = FALSE
	EndGlobalSection
	GlobalSection(ExtensibilityGlobals) = postSolution
		SolutionGuid = {710DD0E2-7D48-44F8-A9FE-68B17D53F579}
	EndGlobalSection
EndGlobal
