
Microsoft Visual Studio Solution File, Format Version 12.00
# Visual Studio Version 16
VisualStudioVersion = 16.0.31515.178
MinimumVisualStudioVersion = 10.0.40219.1
Project("{FAE04EC0-301F-11D3-BF4B-00C04F79EFBC}") = "Course", "Course\Course.csproj", "{268AFA48-0E0D-4D53-83FC-C710AD44444F}"
EndProject
Global
	GlobalSection(SolutionConfigurationPlatforms) = preSolution
		Debug|Any CPU = Debug|Any CPU
		Release|Any CPU = Release|Any CPU
	EndGlobalSection
	GlobalSection(ProjectConfigurationPlatforms) = postSolution
		{268AFA48-0E0D-4D53-83FC-C710AD44444F}.Debug|Any CPU.ActiveCfg = Debug|Any CPU
		{268AFA48-0E0D-4D53-83FC-C710AD44444F}.Debug|Any CPU.Build.0 = Debug|Any CPU
		{268AFA48-0E0D-4D53-83FC-C710AD44444F}.Release|Any CPU.ActiveCfg = Release|Any CPU
		{268AFA48-0E0D-4D53-83FC-C710AD44444F}.Release|Any CPU.Build.0 = Release|Any CPU
	EndGlobalSection
	GlobalSection(SolutionProperties) = preSolution
		HideSolutionNode = FALSE
	EndGlobalSection
	GlobalSection(ExtensibilityGlobals) = postSolution
		SolutionGuid = {85503593-E1D1-46E1-A5A7-430330FDCDBD}
	EndGlobalSection
EndGlobal
