
Microsoft Visual Studio Solution File, Format Version 12.00
# Visual Studio Version 16
VisualStudioVersion = 16.0.31515.178
MinimumVisualStudioVersion = 10.0.40219.1
Project("{FAE04EC0-301F-11D3-BF4B-00C04F79EFBC}") = "OrderStatus", "OrderStatus\OrderStatus.csproj", "{BB07F2C3-E152-4A71-A629-126E8DEA2035}"
EndProject
Global
	GlobalSection(SolutionConfigurationPlatforms) = preSolution
		Debug|Any CPU = Debug|Any CPU
		Release|Any CPU = Release|Any CPU
	EndGlobalSection
	GlobalSection(ProjectConfigurationPlatforms) = postSolution
		{BB07F2C3-E152-4A71-A629-126E8DEA2035}.Debug|Any CPU.ActiveCfg = Debug|Any CPU
		{BB07F2C3-E152-4A71-A629-126E8DEA2035}.Debug|Any CPU.Build.0 = Debug|Any CPU
		{BB07F2C3-E152-4A71-A629-126E8DEA2035}.Release|Any CPU.ActiveCfg = Release|Any CPU
		{BB07F2C3-E152-4A71-A629-126E8DEA2035}.Release|Any CPU.Build.0 = Release|Any CPU
	EndGlobalSection
	GlobalSection(SolutionProperties) = preSolution
		HideSolutionNode = FALSE
	EndGlobalSection
	GlobalSection(ExtensibilityGlobals) = postSolution
		SolutionGuid = {4BF175E6-23D0-4600-A492-885248BE623E}
	EndGlobalSection
EndGlobal
